// !$*UTF8*$!
{
	archiveVersion = 1;
	classes = {
	};
	objectVersion = 50;
	objects = {

/* Begin PBXBuildFile section */
		D107F77E25E6C4D700157F17 /* main.cpp in Sources */ = {isa = PBXBuildFile; fileRef = D107F77D25E6C4D700157F17 /* main.cpp */; };
		D1C4B8A325F916F300739A96 /* dm2.cpp in Sources */ = {isa = PBXBuildFile; fileRef = D1C4B8A225F916F300739A96 /* dm2.cpp */; };
/* End PBXBuildFile section */

/* Begin PBXCopyFilesBuildPhase section */
		D107F77825E6C4D700157F17 /* CopyFiles */ = {
			isa = PBXCopyFilesBuildPhase;
			buildActionMask = 2147483647;
			dstPath = /usr/share/man/man1/;
			dstSubfolderSpec = 0;
			files = (
			);
			runOnlyForDeploymentPostprocessing = 1;
		};
		D1C4B89625F8E08100739A96 /* CopyFiles */ = {
			isa = PBXCopyFilesBuildPhase;
			buildActionMask = 2147483647;
			dstPath = /usr/share/man/man1/;
			dstSubfolderSpec = 0;
			files = (
			);
			runOnlyForDeploymentPostprocessing = 1;
		};
/* End PBXCopyFilesBuildPhase section */

/* Begin PBXFileReference section */
		D107F77A25E6C4D700157F17 /* DM2 */ = {isa = PBXFileReference; explicitFileType = "compiled.mach-o.executable"; includeInIndex = 0; path = DM2; sourceTree = BUILT_PRODUCTS_DIR; };
		D107F77D25E6C4D700157F17 /* main.cpp */ = {isa = PBXFileReference; lastKnownFileType = sourcecode.cpp.cpp; path = main.cpp; sourceTree = "<group>"; };
		D1C4B89825F8E08100739A96 /* DM2.h */ = {isa = PBXFileReference; explicitFileType = "compiled.mach-o.executable"; includeInIndex = 0; path = DM2.h; sourceTree = BUILT_PRODUCTS_DIR; };
		D1C4B8A125F916F000739A96 /* dm2.h */ = {isa = PBXFileReference; lastKnownFileType = sourcecode.c.h; name = dm2.h; path = /Users/vera/Documents/code/DM2/DM2/dm2.h; sourceTree = "<absolute>"; };
		D1C4B8A225F916F300739A96 /* dm2.cpp */ = {isa = PBXFileReference; lastKnownFileType = sourcecode.cpp.cpp; name = dm2.cpp; path = /Users/vera/Documents/code/DM2/DM2/dm2.cpp; sourceTree = "<absolute>"; };
/* End PBXFileReference section */

/* Begin PBXFrameworksBuildPhase section */
		D107F77725E6C4D700157F17 /* Frameworks */ = {
			isa = PBXFrameworksBuildPhase;
			buildActionMask = 2147483647;
			files = (
			);
			runOnlyForDeploymentPostprocessing = 0;
		};
		D1C4B89525F8E08100739A96 /* Frameworks */ = {
			isa = PBXFrameworksBuildPhase;
			buildActionMask = 2147483647;
			files = (
			);
			runOnlyForDeploymentPostprocessing = 0;
		};
/* End PBXFrameworksBuildPhase section */

/* Begin PBXGroup section */
		D107F77125E6C4D700157F17 = {
			isa = PBXGroup;
			children = (
				D107F77C25E6C4D700157F17 /* DM2 */,
				D107F77B25E6C4D700157F17 /* Products */,
			);
			sourceTree = "<group>";
		};
		D107F77B25E6C4D700157F17 /* Products */ = {
			isa = PBXGroup;
			children = (
				D107F77A25E6C4D700157F17 /* DM2 */,
				D1C4B89825F8E08100739A96 /* DM2.h */,
			);
			name = Products;
			sourceTree = "<group>";
		};
		D107F77C25E6C4D700157F17 /* DM2 */ = {
			isa = PBXGroup;
			children = (
				D1C4B8A125F916F000739A96 /* dm2.h */,
				D1C4B8A225F916F300739A96 /* dm2.cpp */,
				D107F77D25E6C4D700157F17 /* main.cpp */,
			);
			path = DM2;
			sourceTree = "<group>";
		};
/* End PBXGroup section */

/* Begin PBXNativeTarget section */
		D107F77925E6C4D700157F17 /* DM2 */ = {
			isa = PBXNativeTarget;
			buildConfigurationList = D107F78125E6C4D700157F17 /* Build configuration list for PBXNativeTarget "DM2" */;
			buildPhases = (
				D107F77625E6C4D700157F17 /* Sources */,
				D107F77725E6C4D700157F17 /* Frameworks */,
				D107F77825E6C4D700157F17 /* CopyFiles */,
			);
			buildRules = (
			);
			dependencies = (
			);
			name = DM2;
			productName = DM2;
			productReference = D107F77A25E6C4D700157F17 /* DM2 */;
			productType = "com.apple.product-type.tool";
		};
		D1C4B89725F8E08100739A96 /* DM2.h */ = {
			isa = PBXNativeTarget;
			buildConfigurationList = D1C4B89E25F8E08100739A96 /* Build configuration list for PBXNativeTarget "DM2.h" */;
			buildPhases = (
				D1C4B89425F8E08100739A96 /* Sources */,
				D1C4B89525F8E08100739A96 /* Frameworks */,
				D1C4B89625F8E08100739A96 /* CopyFiles */,
			);
			buildRules = (
			);
			dependencies = (
			);
			name = DM2.h;
			productName = DM2.h;
			productReference = D1C4B89825F8E08100739A96 /* DM2.h */;
			productType = "com.apple.product-type.tool";
		};
/* End PBXNativeTarget section */

/* Begin PBXProject section */
		D107F77225E6C4D700157F17 /* Project object */ = {
			isa = PBXProject;
			attributes = {
				LastUpgradeCheck = 1230;
				TargetAttributes = {
					D107F77925E6C4D700157F17 = {
						CreatedOnToolsVersion = 12.3;
					};
					D1C4B89725F8E08100739A96 = {
						CreatedOnToolsVersion = 12.3;
					};
				};
			};
			buildConfigurationList = D107F77525E6C4D700157F17 /* Build configuration list for PBXProject "DM2" */;
			compatibilityVersion = "Xcode 9.3";
			developmentRegion = en;
			hasScannedForEncodings = 0;
			knownRegions = (
				en,
				Base,
			);
			mainGroup = D107F77125E6C4D700157F17;
			productRefGroup = D107F77B25E6C4D700157F17 /* Products */;
			projectDirPath = "";
			projectRoot = "";
			targets = (
				D107F77925E6C4D700157F17 /* DM2 */,
				D1C4B89725F8E08100739A96 /* DM2.h */,
			);
		};
/* End PBXProject section */

/* Begin PBXSourcesBuildPhase section */
		D107F77625E6C4D700157F17 /* Sources */ = {
			isa = PBXSourcesBuildPhase;
			buildActionMask = 2147483647;
			files = (
				D107F77E25E6C4D700157F17 /* main.cpp in Sources */,
				D1C4B8A325F916F300739A96 /* dm2.cpp in Sources */,
			);
			runOnlyForDeploymentPostprocessing = 0;
		};
		D1C4B89425F8E08100739A96 /* Sources */ = {
			isa = PBXSourcesBuildPhase;
			buildActionMask = 2147483647;
			files = (
			);
			runOnlyForDeploymentPostprocessing = 0;
		};
/* End PBXSourcesBuildPhase section */

/* Begin XCBuildConfiguration section */
		D107F77F25E6C4D700157F17 /* Debug */ = {
			isa = XCBuildConfiguration;
			buildSettings = {
				ALWAYS_SEARCH_USER_PATHS = NO;
				CLANG_ANALYZER_NONNULL = YES;
				CLANG_ANALYZER_NUMBER_OBJECT_CONVERSION = YES_AGGRESSIVE;
				CLANG_CXX_LANGUAGE_STANDARD = "gnu++14";
				CLANG_CXX_LIBRARY = "libc++";
				CLANG_ENABLE_MODULES = YES;
				CLANG_ENABLE_OBJC_ARC = YES;
				CLANG_ENABLE_OBJC_WEAK = YES;
				CLANG_WARN_BLOCK_CAPTURE_AUTORELEASING = YES;
				CLANG_WARN_BOOL_CONVERSION = YES;
				CLANG_WARN_COMMA = YES;
				CLANG_WARN_CONSTANT_CONVERSION = YES;
				CLANG_WARN_DEPRECATED_OBJC_IMPLEMENTATIONS = YES;
				CLANG_WARN_DIRECT_OBJC_ISA_USAGE = YES_ERROR;
				CLANG_WARN_DOCUMENTATION_COMMENTS = YES;
				CLANG_WARN_EMPTY_BODY = YES;
				CLANG_WARN_ENUM_CONVERSION = YES;
				CLANG_WARN_INFINITE_RECURSION = YES;
				CLANG_WARN_INT_CONVERSION = YES;
				CLANG_WARN_NON_LITERAL_NULL_CONVERSION = YES;
				CLANG_WARN_OBJC_IMPLICIT_RETAIN_SELF = YES;
				CLANG_WARN_OBJC_LITERAL_CONVERSION = YES;
				CLANG_WARN_OBJC_ROOT_CLASS = YES_ERROR;
				CLANG_WARN_QUOTED_INCLUDE_IN_FRAMEWORK_HEADER = YES;
				CLANG_WARN_RANGE_LOOP_ANALYSIS = YES;
				CLANG_WARN_STRICT_PROTOTYPES = YES;
				CLANG_WARN_SUSPICIOUS_MOVE = YES;
				CLANG_WARN_UNGUARDED_AVAILABILITY = YES_AGGRESSIVE;
				CLANG_WARN_UNREACHABLE_CODE = YES;
				CLANG_WARN__DUPLICATE_METHOD_MATCH = YES;
				COPY_PHASE_STRIP = NO;
				DEBUG_INFORMATION_FORMAT = dwarf;
				ENABLE_STRICT_OBJC_MSGSEND = YES;
				ENABLE_TESTABILITY = YES;
				GCC_C_LANGUAGE_STANDARD = gnu11;
				GCC_DYNAMIC_NO_PIC = NO;
				GCC_NO_COMMON_BLOCKS = YES;
				GCC_OPTIMIZATION_LEVEL = 0;
				GCC_PREPROCESSOR_DEFINITIONS = (
					"DEBUG=1",
					"$(inherited)",
				);
				GCC_WARN_64_TO_32_BIT_CONVERSION = YES;
				GCC_WARN_ABOUT_RETURN_TYPE = YES_ERROR;
				GCC_WARN_UNDECLARED_SELECTOR = YES;
				GCC_WARN_UNINITIALIZED_AUTOS = YES_AGGRESSIVE;
				GCC_WARN_UNUSED_FUNCTION = YES;
				GCC_WARN_UNUSED_VARIABLE = YES;
				MACOSX_DEPLOYMENT_TARGET = 10.15;
				MTL_ENABLE_DEBUG_INFO = INCLUDE_SOURCE;
				MTL_FAST_MATH = YES;
				ONLY_ACTIVE_ARCH = YES;
				SDKROOT = macosx;
			};
			name = Debug;
		};
		D107F78025E6C4D700157F17 /* Release */ = {
			isa = XCBuildConfiguration;
			buildSettings = {
				ALWAYS_SEARCH_USER_PATHS = NO;
				CLANG_ANALYZER_NONNULL = YES;
				CLANG_ANALYZER_NUMBER_OBJECT_CONVERSION = YES_AGGRESSIVE;
				CLANG_CXX_LANGUAGE_STANDARD = "gnu++14";
				CLANG_CXX_LIBRARY = "libc++";
				CLANG_ENABLE_MODULES = YES;
				CLANG_ENABLE_OBJC_ARC = YES;
				CLANG_ENABLE_OBJC_WEAK = YES;
				CLANG_WARN_BLOCK_CAPTURE_AUTORELEASING = YES;
				CLANG_WARN_BOOL_CONVERSION = YES;
				CLANG_WARN_COMMA = YES;
				CLANG_WARN_CONSTANT_CONVERSION = YES;
				CLANG_WARN_DEPRECATED_OBJC_IMPLEMENTATIONS = YES;
				CLANG_WARN_DIRECT_OBJC_ISA_USAGE = YES_ERROR;
				CLANG_WARN_DOCUMENTATION_COMMENTS = YES;
				CLANG_WARN_EMPTY_BODY = YES;
				CLANG_WARN_ENUM_CONVERSION = YES;
				CLANG_WARN_INFINITE_RECURSION = YES;
				CLANG_WARN_INT_CONVERSION = YES;
				CLANG_WARN_NON_LITERAL_NULL_CONVERSION = YES;
				CLANG_WARN_OBJC_IMPLICIT_RETAIN_SELF = YES;
				CLANG_WARN_OBJC_LITERAL_CONVERSION = YES;
				CLANG_WARN_OBJC_ROOT_CLASS = YES_ERROR;
				CLANG_WARN_QUOTED_INCLUDE_IN_FRAMEWORK_HEADER = YES;
				CLANG_WARN_RANGE_LOOP_ANALYSIS = YES;
				CLANG_WARN_STRICT_PROTOTYPES = YES;
				CLANG_WARN_SUSPICIOUS_MOVE = YES;
				CLANG_WARN_UNGUARDED_AVAILABILITY = YES_AGGRESSIVE;
				CLANG_WARN_UNREACHABLE_CODE = YES;
				CLANG_WARN__DUPLICATE_METHOD_MATCH = YES;
				COPY_PHASE_STRIP = NO;
				DEBUG_INFORMATION_FORMAT = "dwarf-with-dsym";
				ENABLE_NS_ASSERTIONS = NO;
				ENABLE_STRICT_OBJC_MSGSEND = YES;
				GCC_C_LANGUAGE_STANDARD = gnu11;
				GCC_NO_COMMON_BLOCKS = YES;
				GCC_WARN_64_TO_32_BIT_CONVERSION = YES;
				GCC_WARN_ABOUT_RETURN_TYPE = YES_ERROR;
				GCC_WARN_UNDECLARED_SELECTOR = YES;
				GCC_WARN_UNINITIALIZED_AUTOS = YES_AGGRESSIVE;
				GCC_WARN_UNUSED_FUNCTION = YES;
				GCC_WARN_UNUSED_VARIABLE = YES;
				MACOSX_DEPLOYMENT_TARGET = 10.15;
				MTL_ENABLE_DEBUG_INFO = NO;
				MTL_FAST_MATH = YES;
				SDKROOT = macosx;
			};
			name = Release;
		};
		D107F78225E6C4D700157F17 /* Debug */ = {
			isa = XCBuildConfiguration;
			buildSettings = {
				CODE_SIGN_STYLE = Automatic;
				PRODUCT_NAME = "$(TARGET_NAME)";
			};
			name = Debug;
		};
		D107F78325E6C4D700157F17 /* Release */ = {
			isa = XCBuildConfiguration;
			buildSettings = {
				CODE_SIGN_STYLE = Automatic;
				PRODUCT_NAME = "$(TARGET_NAME)";
			};
			name = Release;
		};
		D1C4B89C25F8E08100739A96 /* Debug */ = {
			isa = XCBuildConfiguration;
			buildSettings = {
				CODE_SIGN_STYLE = Automatic;
				PRODUCT_NAME = "$(TARGET_NAME)";
			};
			name = Debug;
		};
		D1C4B89D25F8E08100739A96 /* Release */ = {
			isa = XCBuildConfiguration;
			buildSettings = {
				CODE_SIGN_STYLE = Automatic;
				PRODUCT_NAME = "$(TARGET_NAME)";
			};
			name = Release;
		};
/* End XCBuildConfiguration section */

/* Begin XCConfigurationList section */
		D107F77525E6C4D700157F17 /* Build configuration list for PBXProject "DM2" */ = {
			isa = XCConfigurationList;
			buildConfigurations = (
				D107F77F25E6C4D700157F17 /* Debug */,
				D107F78025E6C4D700157F17 /* Release */,
			);
			defaultConfigurationIsVisible = 0;
			defaultConfigurationName = Release;
		};
		D107F78125E6C4D700157F17 /* Build configuration list for PBXNativeTarget "DM2" */ = {
			isa = XCConfigurationList;
			buildConfigurations = (
				D107F78225E6C4D700157F17 /* Debug */,
				D107F78325E6C4D700157F17 /* Release */,
			);
			defaultConfigurationIsVisible = 0;
			defaultConfigurationName = Release;
		};
		D1C4B89E25F8E08100739A96 /* Build configuration list for PBXNativeTarget "DM2.h" */ = {
			isa = XCConfigurationList;
			buildConfigurations = (
				D1C4B89C25F8E08100739A96 /* Debug */,
				D1C4B89D25F8E08100739A96 /* Release */,
			);
			defaultConfigurationIsVisible = 0;
			defaultConfigurationName = Release;
		};
/* End XCConfigurationList section */
	};
	rootObject = D107F77225E6C4D700157F17 /* Project object */;
}
